
Microsoft Visual Studio Solution File, Format Version 12.00
# Visual Studio Version 17
VisualStudioVersion = 17.0.31903.59
MinimumVisualStudioVersion = 10.0.40219.1
Project("{2150E333-8FDC-42A3-9474-1A3956D46DE8}") = "src", "src", "{827E0CD3-B72D-47B6-A68D-7590B98EB39B}"
EndProject
Project("{FAE04EC0-301F-11D3-BF4B-00C04F79EFBC}") = "GamePlatform.Backend.Contracts", "src\GamePlatform.Backend.Contracts\GamePlatform.Backend.Contracts.csproj", "{C0C2289F-9372-4141-9EEB-2B97383774CE}"
EndProject
Project("{FAE04EC0-301F-11D3-BF4B-00C04F79EFBC}") = "GamePlatform.Core", "src\GamePlatform.Core\GamePlatform.Core.csproj", "{6F94774C-3AE7-4873-9B63-952BD9471850}"
EndProject
Project("{FAE04EC0-301F-11D3-BF4B-00C04F79EFBC}") = "GamePlatform.Diagnostics.Abstractions", "src\GamePlatform.Diagnostics.Abstractions\GamePlatform.Diagnostics.Abstractions.csproj", "{5C579704-3A0B-43CC-BA3F-46A750CDDA1B}"
EndProject
Project("{FAE04EC0-301F-11D3-BF4B-00C04F79EFBC}") = "GamePlatform.Features", "src\GamePlatform.Features\GamePlatform.Features.csproj", "{8BD7FD4A-525B-48C4-961B-8E874C0074BF}"
EndProject
Project("{FAE04EC0-301F-11D3-BF4B-00C04F79EFBC}") = "GamePlatform.Features.Contracts", "src\GamePlatform.Features.Contracts\GamePlatform.Features.Contracts.csproj", "{6341A4EB-1D1D-4770-AE73-391599A36DF8}"
EndProject
Project("{FAE04EC0-301F-11D3-BF4B-00C04F79EFBC}") = "GamePlatform.Features.Presentation", "src\GamePlatform.Features.Presentation\GamePlatform.Features.Presentation.csproj", "{F5DB1200-248A-4BA3-BB41-71B42FBD3754}"
EndProject
Project("{FAE04EC0-301F-11D3-BF4B-00C04F79EFBC}") = "GamePlatform.Navigation", "src\GamePlatform.Navigation\GamePlatform.Navigation.csproj", "{981D4226-FBC0-49A1-86D6-F70B73AF7520}"
EndProject
Project("{FAE04EC0-301F-11D3-BF4B-00C04F79EFBC}") = "GamePlatform.Serialization.Json", "src\GamePlatform.Serialization.Json\GamePlatform.Serialization.Json.csproj", "{5CE9FD36-B244-4C53-A978-104C059017EF}"
EndProject
Project("{FAE04EC0-301F-11D3-BF4B-00C04F79EFBC}") = "GamePlatform.Serialization.MessagePack", "src\GamePlatform.Serialization.MessagePack\GamePlatform.Serialization.MessagePack.csproj", "{3F2FA0C8-7506-4902-BB81-C63DD5BFEDF7}"
EndProject
Project("{FAE04EC0-301F-11D3-BF4B-00C04F79EFBC}") = "GamePlatform.Storage.Abstractions", "src\GamePlatform.Storage.Abstractions\GamePlatform.Storage.Abstractions.csproj", "{B1F7D634-E9BF-4224-A7FB-B97B45BE3E86}"
EndProject
Project("{FAE04EC0-301F-11D3-BF4B-00C04F79EFBC}") = "GamePlatform.Storage.Sqlite", "src\GamePlatform.Storage.Sqlite\GamePlatform.Storage.Sqlite.csproj", "{0AE84B16-BFB9-4707-BE40-19C7AF6AA6FF}"
EndProject
Project("{FAE04EC0-301F-11D3-BF4B-00C04F79EFBC}") = "GamePlatform.Sync", "src\GamePlatform.Sync\GamePlatform.Sync.csproj", "{B592BD06-C298-45FE-B814-84754BDA130A}"
EndProject
Project("{FAE04EC0-301F-11D3-BF4B-00C04F79EFBC}") = "GamePlatform.Transport.Abstractions", "src\GamePlatform.Transport.Abstractions\GamePlatform.Transport.Abstractions.csproj", "{F09CF25C-C7FE-40C7-9227-95909B611606}"
EndProject
Project("{FAE04EC0-301F-11D3-BF4B-00C04F79EFBC}") = "GamePlatform.Transport.Http", "src\GamePlatform.Transport.Http\GamePlatform.Transport.Http.csproj", "{13270624-3AA4-4216-B7E1-5063867F507D}"
EndProject
Project("{FAE04EC0-301F-11D3-BF4B-00C04F79EFBC}") = "GamePlatform.Wire.Contracts", "src\GamePlatform.Wire.Contracts\GamePlatform.Wire.Contracts.csproj", "{44537F25-632C-4170-9D9F-4F3FB18CAC45}"
EndProject
Project("{FAE04EC0-301F-11D3-BF4B-00C04F79EFBC}") = "GamePlatform.Tests", "tests\GamePlatform.Tests\GamePlatform.Tests.csproj", "{9E69EB32-F980-41FE-964B-1FC67E69A98F}"
EndProject
Global
	GlobalSection(SolutionConfigurationPlatforms) = preSolution
		Debug|Any CPU = Debug|Any CPU
		Debug|x64 = Debug|x64
		Debug|x86 = Debug|x86
		Release|Any CPU = Release|Any CPU
		Release|x64 = Release|x64
		Release|x86 = Release|x86
	EndGlobalSection
	GlobalSection(ProjectConfigurationPlatforms) = postSolution
		{C0C2289F-9372-4141-9EEB-2B97383774CE}.Debug|Any CPU.ActiveCfg = Debug|Any CPU
		{C0C2289F-9372-4141-9EEB-2B97383774CE}.Debug|Any CPU.Build.0 = Debug|Any CPU
		{C0C2289F-9372-4141-9EEB-2B97383774CE}.Debug|x64.ActiveCfg = Debug|Any CPU
		{C0C2289F-9372-4141-9EEB-2B97383774CE}.Debug|x64.Build.0 = Debug|Any CPU
		{C0C2289F-9372-4141-9EEB-2B97383774CE}.Debug|x86.ActiveCfg = Debug|Any CPU
		{C0C2289F-9372-4141-9EEB-2B97383774CE}.Debug|x86.Build.0 = Debug|Any CPU
		{C0C2289F-9372-4141-9EEB-2B97383774CE}.Release|Any CPU.ActiveCfg = Release|Any CPU
		{C0C2289F-9372-4141-9EEB-2B97383774CE}.Release|Any CPU.Build.0 = Release|Any CPU
		{C0C2289F-9372-4141-9EEB-2B97383774CE}.Release|x64.ActiveCfg = Release|Any CPU
		{C0C2289F-9372-4141-9EEB-2B97383774CE}.Release|x64.Build.0 = Release|Any CPU
		{C0C2289F-9372-4141-9EEB-2B97383774CE}.Release|x86.ActiveCfg = Release|Any CPU
		{C0C2289F-9372-4141-9EEB-2B97383774CE}.Release|x86.Build.0 = Release|Any CPU
		{6F94774C-3AE7-4873-9B63-952BD9471850}.Debug|Any CPU.ActiveCfg = Debug|Any CPU
		{6F94774C-3AE7-4873-9B63-952BD9471850}.Debug|Any CPU.Build.0 = Debug|Any CPU
		{6F94774C-3AE7-4873-9B63-952BD9471850}.Debug|x64.ActiveCfg = Debug|Any CPU
		{6F94774C-3AE7-4873-9B63-952BD9471850}.Debug|x64.Build.0 = Debug|Any CPU
		{6F94774C-3AE7-4873-9B63-952BD9471850}.Debug|x86.ActiveCfg = Debug|Any CPU
		{6F94774C-3AE7-4873-9B63-952BD9471850}.Debug|x86.Build.0 = Debug|Any CPU
		{6F94774C-3AE7-4873-9B63-952BD9471850}.Release|Any CPU.ActiveCfg = Release|Any CPU
		{6F94774C-3AE7-4873-9B63-952BD9471850}.Release|Any CPU.Build.0 = Release|Any CPU
		{6F94774C-3AE7-4873-9B63-952BD9471850}.Release|x64.ActiveCfg = Release|Any CPU
		{6F94774C-3AE7-4873-9B63-952BD9471850}.Release|x64.Build.0 = Release|Any CPU
		{6F94774C-3AE7-4873-9B63-952BD9471850}.Release|x86.ActiveCfg = Release|Any CPU
		{6F94774C-3AE7-4873-9B63-952BD9471850}.Release|x86.Build.0 = Release|Any CPU
		{5C579704-3A0B-43CC-BA3F-46A750CDDA1B}.Debug|Any CPU.ActiveCfg = Debug|Any CPU
		{5C579704-3A0B-43CC-BA3F-46A750CDDA1B}.Debug|Any CPU.Build.0 = Debug|Any CPU
		{5C579704-3A0B-43CC-BA3F-46A750CDDA1B}.Debug|x64.ActiveCfg = Debug|Any CPU
		{5C579704-3A0B-43CC-BA3F-46A750CDDA1B}.Debug|x64.Build.0 = Debug|Any CPU
		{5C579704-3A0B-43CC-BA3F-46A750CDDA1B}.Debug|x86.ActiveCfg = Debug|Any CPU
		{5C579704-3A0B-43CC-BA3F-46A750CDDA1B}.Debug|x86.Build.0 = Debug|Any CPU
		{5C579704-3A0B-43CC-BA3F-46A750CDDA1B}.Release|Any CPU.ActiveCfg = Release|Any CPU
		{5C579704-3A0B-43CC-BA3F-46A750CDDA1B}.Release|Any CPU.Build.0 = Release|Any CPU
		{5C579704-3A0B-43CC-BA3F-46A750CDDA1B}.Release|x64.ActiveCfg = Release|Any CPU
		{5C579704-3A0B-43CC-BA3F-46A750CDDA1B}.Release|x64.Build.0 = Release|Any CPU
		{5C579704-3A0B-43CC-BA3F-46A750CDDA1B}.Release|x86.ActiveCfg = Release|Any CPU
		{5C579704-3A0B-43CC-BA3F-46A750CDDA1B}.Release|x86.Build.0 = Release|Any CPU
		{8BD7FD4A-525B-48C4-961B-8E874C0074BF}.Debug|Any CPU.ActiveCfg = Debug|Any CPU
		{8BD7FD4A-525B-48C4-961B-8E874C0074BF}.Debug|Any CPU.Build.0 = Debug|Any CPU
		{8BD7FD4A-525B-48C4-961B-8E874C0074BF}.Debug|x64.ActiveCfg = Debug|Any CPU
		{8BD7FD4A-525B-48C4-961B-8E874C0074BF}.Debug|x64.Build.0 = Debug|Any CPU
		{8BD7FD4A-525B-48C4-961B-8E874C0074BF}.Debug|x86.ActiveCfg = Debug|Any CPU
		{8BD7FD4A-525B-48C4-961B-8E874C0074BF}.Debug|x86.Build.0 = Debug|Any CPU
		{8BD7FD4A-525B-48C4-961B-8E874C0074BF}.Release|Any CPU.ActiveCfg = Release|Any CPU
		{8BD7FD4A-525B-48C4-961B-8E874C0074BF}.Release|Any CPU.Build.0 = Release|Any CPU
		{8BD7FD4A-525B-48C4-961B-8E874C0074BF}.Release|x64.ActiveCfg = Release|Any CPU
		{8BD7FD4A-525B-48C4-961B-8E874C0074BF}.Release|x64.Build.0 = Release|Any CPU
		{8BD7FD4A-525B-48C4-961B-8E874C0074BF}.Release|x86.ActiveCfg = Release|Any CPU
		{8BD7FD4A-525B-48C4-961B-8E874C0074BF}.Release|x86.Build.0 = Release|Any CPU
		{6341A4EB-1D1D-4770-AE73-391599A36DF8}.Debug|Any CPU.ActiveCfg = Debug|Any CPU
		{6341A4EB-1D1D-4770-AE73-391599A36DF8}.Debug|Any CPU.Build.0 = Debug|Any CPU
		{6341A4EB-1D1D-4770-AE73-391599A36DF8}.Debug|x64.ActiveCfg = Debug|Any CPU
		{6341A4EB-1D1D-4770-AE73-391599A36DF8}.Debug|x64.Build.0 = Debug|Any CPU
		{6341A4EB-1D1D-4770-AE73-391599A36DF8}.Debug|x86.ActiveCfg = Debug|Any CPU
		{6341A4EB-1D1D-4770-AE73-391599A36DF8}.Debug|x86.Build.0 = Debug|Any CPU
		{6341A4EB-1D1D-4770-AE73-391599A36DF8}.Release|Any CPU.ActiveCfg = Release|Any CPU
		{6341A4EB-1D1D-4770-AE73-391599A36DF8}.Release|Any CPU.Build.0 = Release|Any CPU
		{6341A4EB-1D1D-4770-AE73-391599A36DF8}.Release|x64.ActiveCfg = Release|Any CPU
		{6341A4EB-1D1D-4770-AE73-391599A36DF8}.Release|x64.Build.0 = Release|Any CPU
		{6341A4EB-1D1D-4770-AE73-391599A36DF8}.Release|x86.ActiveCfg = Release|Any CPU
		{6341A4EB-1D1D-4770-AE73-391599A36DF8}.Release|x86.Build.0 = Release|Any CPU
		{F5DB1200-248A-4BA3-BB41-71B42FBD3754}.Debug|Any CPU.ActiveCfg = Debug|Any CPU
		{F5DB1200-248A-4BA3-BB41-71B42FBD3754}.Debug|Any CPU.Build.0 = Debug|Any CPU
		{F5DB1200-248A-4BA3-BB41-71B42FBD3754}.Debug|x64.ActiveCfg = Debug|Any CPU
		{F5DB1200-248A-4BA3-BB41-71B42FBD3754}.Debug|x64.Build.0 = Debug|Any CPU
		{F5DB1200-248A-4BA3-BB41-71B42FBD3754}.Debug|x86.ActiveCfg = Debug|Any CPU
		{F5DB1200-248A-4BA3-BB41-71B42FBD3754}.Debug|x86.Build.0 = Debug|Any CPU
		{F5DB1200-248A-4BA3-BB41-71B42FBD3754}.Release|Any CPU.ActiveCfg = Release|Any CPU
		{F5DB1200-248A-4BA3-BB41-71B42FBD3754}.Release|Any CPU.Build.0 = Release|Any CPU
		{F5DB1200-248A-4BA3-BB41-71B42FBD3754}.Release|x64.ActiveCfg = Release|Any CPU
		{F5DB1200-248A-4BA3-BB41-71B42FBD3754}.Release|x64.Build.0 = Release|Any CPU
		{F5DB1200-248A-4BA3-BB41-71B42FBD3754}.Release|x86.ActiveCfg = Release|Any CPU
		{F5DB1200-248A-4BA3-BB41-71B42FBD3754}.Release|x86.Build.0 = Release|Any CPU
		{981D4226-FBC0-49A1-86D6-F70B73AF7520}.Debug|Any CPU.ActiveCfg = Debug|Any CPU
		{981D4226-FBC0-49A1-86D6-F70B73AF7520}.Debug|Any CPU.Build.0 = Debug|Any CPU
		{981D4226-FBC0-49A1-86D6-F70B73AF7520}.Debug|x64.ActiveCfg = Debug|Any CPU
		{981D4226-FBC0-49A1-86D6-F70B73AF7520}.Debug|x64.Build.0 = Debug|Any CPU
		{981D4226-FBC0-49A1-86D6-F70B73AF7520}.Debug|x86.ActiveCfg = Debug|Any CPU
		{981D4226-FBC0-49A1-86D6-F70B73AF7520}.Debug|x86.Build.0 = Debug|Any CPU
		{981D4226-FBC0-49A1-86D6-F70B73AF7520}.Release|Any CPU.ActiveCfg = Release|Any CPU
		{981D4226-FBC0-49A1-86D6-F70B73AF7520}.Release|Any CPU.Build.0 = Release|Any CPU
		{981D4226-FBC0-49A1-86D6-F70B73AF7520}.Release|x64.ActiveCfg = Release|Any CPU
		{981D4226-FBC0-49A1-86D6-F70B73AF7520}.Release|x64.Build.0 = Release|Any CPU
		{981D4226-FBC0-49A1-86D6-F70B73AF7520}.Release|x86.ActiveCfg = Release|Any CPU
		{981D4226-FBC0-49A1-86D6-F70B73AF7520}.Release|x86.Build.0 = Release|Any CPU
		{5CE9FD36-B244-4C53-A978-104C059017EF}.Debug|Any CPU.ActiveCfg = Debug|Any CPU
		{5CE9FD36-B244-4C53-A978-104C059017EF}.Debug|Any CPU.Build.0 = Debug|Any CPU
		{5CE9FD36-B244-4C53-A978-104C059017EF}.Debug|x64.ActiveCfg = Debug|Any CPU
		{5CE9FD36-B244-4C53-A978-104C059017EF}.Debug|x64.Build.0 = Debug|Any CPU
		{5CE9FD36-B244-4C53-A978-104C059017EF}.Debug|x86.ActiveCfg = Debug|Any CPU
		{5CE9FD36-B244-4C53-A978-104C059017EF}.Debug|x86.Build.0 = Debug|Any CPU
		{5CE9FD36-B244-4C53-A978-104C059017EF}.Release|Any CPU.ActiveCfg = Release|Any CPU
		{5CE9FD36-B244-4C53-A978-104C059017EF}.Release|Any CPU.Build.0 = Release|Any CPU
		{5CE9FD36-B244-4C53-A978-104C059017EF}.Release|x64.ActiveCfg = Release|Any CPU
		{5CE9FD36-B244-4C53-A978-104C059017EF}.Release|x64.Build.0 = Release|Any CPU
		{5CE9FD36-B244-4C53-A978-104C059017EF}.Release|x86.ActiveCfg = Release|Any CPU
		{5CE9FD36-B244-4C53-A978-104C059017EF}.Release|x86.Build.0 = Release|Any CPU
		{3F2FA0C8-7506-4902-BB81-C63DD5BFEDF7}.Debug|Any CPU.ActiveCfg = Debug|Any CPU
		{3F2FA0C8-7506-4902-BB81-C63DD5BFEDF7}.Debug|Any CPU.Build.0 = Debug|Any CPU
		{3F2FA0C8-7506-4902-BB81-C63DD5BFEDF7}.Debug|x64.ActiveCfg = Debug|Any CPU
		{3F2FA0C8-7506-4902-BB81-C63DD5BFEDF7}.Debug|x64.Build.0 = Debug|Any CPU
		{3F2FA0C8-7506-4902-BB81-C63DD5BFEDF7}.Debug|x86.ActiveCfg = Debug|Any CPU
		{3F2FA0C8-7506-4902-BB81-C63DD5BFEDF7}.Debug|x86.Build.0 = Debug|Any CPU
		{3F2FA0C8-7506-4902-BB81-C63DD5BFEDF7}.Release|Any CPU.ActiveCfg = Release|Any CPU
		{3F2FA0C8-7506-4902-BB81-C63DD5BFEDF7}.Release|Any CPU.Build.0 = Release|Any CPU
		{3F2FA0C8-7506-4902-BB81-C63DD5BFEDF7}.Release|x64.ActiveCfg = Release|Any CPU
		{3F2FA0C8-7506-4902-BB81-C63DD5BFEDF7}.Release|x64.Build.0 = Release|Any CPU
		{3F2FA0C8-7506-4902-BB81-C63DD5BFEDF7}.Release|x86.ActiveCfg = Release|Any CPU
		{3F2FA0C8-7506-4902-BB81-C63DD5BFEDF7}.Release|x86.Build.0 = Release|Any CPU
		{B1F7D634-E9BF-4224-A7FB-B97B45BE3E86}.Debug|Any CPU.ActiveCfg = Debug|Any CPU
		{B1F7D634-E9BF-4224-A7FB-B97B45BE3E86}.Debug|Any CPU.Build.0 = Debug|Any CPU
		{B1F7D634-E9BF-4224-A7FB-B97B45BE3E86}.Debug|x64.ActiveCfg = Debug|Any CPU
		{B1F7D634-E9BF-4224-A7FB-B97B45BE3E86}.Debug|x64.Build.0 = Debug|Any CPU
		{B1F7D634-E9BF-4224-A7FB-B97B45BE3E86}.Debug|x86.ActiveCfg = Debug|Any CPU
		{B1F7D634-E9BF-4224-A7FB-B97B45BE3E86}.Debug|x86.Build.0 = Debug|Any CPU
		{B1F7D634-E9BF-4224-A7FB-B97B45BE3E86}.Release|Any CPU.ActiveCfg = Release|Any CPU
		{B1F7D634-E9BF-4224-A7FB-B97B45BE3E86}.Release|Any CPU.Build.0 = Release|Any CPU
		{B1F7D634-E9BF-4224-A7FB-B97B45BE3E86}.Release|x64.ActiveCfg = Release|Any CPU
		{B1F7D634-E9BF-4224-A7FB-B97B45BE3E86}.Release|x64.Build.0 = Release|Any CPU
		{B1F7D634-E9BF-4224-A7FB-B97B45BE3E86}.Release|x86.ActiveCfg = Release|Any CPU
		{B1F7D634-E9BF-4224-A7FB-B97B45BE3E86}.Release|x86.Build.0 = Release|Any CPU
		{0AE84B16-BFB9-4707-BE40-19C7AF6AA6FF}.Debug|Any CPU.ActiveCfg = Debug|Any CPU
		{0AE84B16-BFB9-4707-BE40-19C7AF6AA6FF}.Debug|Any CPU.Build.0 = Debug|Any CPU
		{0AE84B16-BFB9-4707-BE40-19C7AF6AA6FF}.Debug|x64.ActiveCfg = Debug|Any CPU
		{0AE84B16-BFB9-4707-BE40-19C7AF6AA6FF}.Debug|x64.Build.0 = Debug|Any CPU
		{0AE84B16-BFB9-4707-BE40-19C7AF6AA6FF}.Debug|x86.ActiveCfg = Debug|Any CPU
		{0AE84B16-BFB9-4707-BE40-19C7AF6AA6FF}.Debug|x86.Build.0 = Debug|Any CPU
		{0AE84B16-BFB9-4707-BE40-19C7AF6AA6FF}.Release|Any CPU.ActiveCfg = Release|Any CPU
		{0AE84B16-BFB9-4707-BE40-19C7AF6AA6FF}.Release|Any CPU.Build.0 = Release|Any CPU
		{0AE84B16-BFB9-4707-BE40-19C7AF6AA6FF}.Release|x64.ActiveCfg = Release|Any CPU
		{0AE84B16-BFB9-4707-BE40-19C7AF6AA6FF}.Release|x64.Build.0 = Release|Any CPU
		{0AE84B16-BFB9-4707-BE40-19C7AF6AA6FF}.Release|x86.ActiveCfg = Release|Any CPU
		{0AE84B16-BFB9-4707-BE40-19C7AF6AA6FF}.Release|x86.Build.0 = Release|Any CPU
		{B592BD06-C298-45FE-B814-84754BDA130A}.Debug|Any CPU.ActiveCfg = Debug|Any CPU
		{B592BD06-C298-45FE-B814-84754BDA130A}.Debug|Any CPU.Build.0 = Debug|Any CPU
		{B592BD06-C298-45FE-B814-84754BDA130A}.Debug|x64.ActiveCfg = Debug|Any CPU
		{B592BD06-C298-45FE-B814-84754BDA130A}.Debug|x64.Build.0 = Debug|Any CPU
		{B592BD06-C298-45FE-B814-84754BDA130A}.Debug|x86.ActiveCfg = Debug|Any CPU
		{B592BD06-C298-45FE-B814-84754BDA130A}.Debug|x86.Build.0 = Debug|Any CPU
		{B592BD06-C298-45FE-B814-84754BDA130A}.Release|Any CPU.ActiveCfg = Release|Any CPU
		{B592BD06-C298-45FE-B814-84754BDA130A}.Release|Any CPU.Build.0 = Release|Any CPU
		{B592BD06-C298-45FE-B814-84754BDA130A}.Release|x64.ActiveCfg = Release|Any CPU
		{B592BD06-C298-45FE-B814-84754BDA130A}.Release|x64.Build.0 = Release|Any CPU
		{B592BD06-C298-45FE-B814-84754BDA130A}.Release|x86.ActiveCfg = Release|Any CPU
		{B592BD06-C298-45FE-B814-84754BDA130A}.Release|x86.Build.0 = Release|Any CPU
		{F09CF25C-C7FE-40C7-9227-95909B611606}.Debug|Any CPU.ActiveCfg = Debug|Any CPU
		{F09CF25C-C7FE-40C7-9227-95909B611606}.Debug|Any CPU.Build.0 = Debug|Any CPU
		{F09CF25C-C7FE-40C7-9227-95909B611606}.Debug|x64.ActiveCfg = Debug|Any CPU
		{F09CF25C-C7FE-40C7-9227-95909B611606}.Debug|x64.Build.0 = Debug|Any CPU
		{F09CF25C-C7FE-40C7-9227-95909B611606}.Debug|x86.ActiveCfg = Debug|Any CPU
		{F09CF25C-C7FE-40C7-9227-95909B611606}.Debug|x86.Build.0 = Debug|Any CPU
		{F09CF25C-C7FE-40C7-9227-95909B611606}.Release|Any CPU.ActiveCfg = Release|Any CPU
		{F09CF25C-C7FE-40C7-9227-95909B611606}.Release|Any CPU.Build.0 = Release|Any CPU
		{F09CF25C-C7FE-40C7-9227-95909B611606}.Release|x64.ActiveCfg = Release|Any CPU
		{F09CF25C-C7FE-40C7-9227-95909B611606}.Release|x64.Build.0 = Release|Any CPU
		{F09CF25C-C7FE-40C7-9227-95909B611606}.Release|x86.ActiveCfg = Release|Any CPU
		{F09CF25C-C7FE-40C7-9227-95909B611606}.Release|x86.Build.0 = Release|Any CPU
		{13270624-3AA4-4216-B7E1-5063867F507D}.Debug|Any CPU.ActiveCfg = Debug|Any CPU
		{13270624-3AA4-4216-B7E1-5063867F507D}.Debug|Any CPU.Build.0 = Debug|Any CPU
		{13270624-3AA4-4216-B7E1-5063867F507D}.Debug|x64.ActiveCfg = Debug|Any CPU
		{13270624-3AA4-4216-B7E1-5063867F507D}.Debug|x64.Build.0 = Debug|Any CPU
		{13270624-3AA4-4216-B7E1-5063867F507D}.Debug|x86.ActiveCfg = Debug|Any CPU
		{13270624-3AA4-4216-B7E1-5063867F507D}.Debug|x86.Build.0 = Debug|Any CPU
		{13270624-3AA4-4216-B7E1-5063867F507D}.Release|Any CPU.ActiveCfg = Release|Any CPU
		{13270624-3AA4-4216-B7E1-5063867F507D}.Release|Any CPU.Build.0 = Release|Any CPU
		{13270624-3AA4-4216-B7E1-5063867F507D}.Release|x64.ActiveCfg = Release|Any CPU
		{13270624-3AA4-4216-B7E1-5063867F507D}.Release|x64.Build.0 = Release|Any CPU
		{13270624-3AA4-4216-B7E1-5063867F507D}.Release|x86.ActiveCfg = Release|Any CPU
		{13270624-3AA4-4216-B7E1-5063867F507D}.Release|x86.Build.0 = Release|Any CPU
		{44537F25-632C-4170-9D9F-4F3FB18CAC45}.Debug|Any CPU.ActiveCfg = Debug|Any CPU
		{44537F25-632C-4170-9D9F-4F3FB18CAC45}.Debug|Any CPU.Build.0 = Debug|Any CPU
		{44537F25-632C-4170-9D9F-4F3FB18CAC45}.Debug|x64.ActiveCfg = Debug|Any CPU
		{44537F25-632C-4170-9D9F-4F3FB18CAC45}.Debug|x64.Build.0 = Debug|Any CPU
		{44537F25-632C-4170-9D9F-4F3FB18CAC45}.Debug|x86.ActiveCfg = Debug|Any CPU
		{44537F25-632C-4170-9D9F-4F3FB18CAC45}.Debug|x86.Build.0 = Debug|Any CPU
		{44537F25-632C-4170-9D9F-4F3FB18CAC45}.Release|Any CPU.ActiveCfg = Release|Any CPU
		{44537F25-632C-4170-9D9F-4F3FB18CAC45}.Release|Any CPU.Build.0 = Release|Any CPU
		{44537F25-632C-4170-9D9F-4F3FB18CAC45}.Release|x64.ActiveCfg = Release|Any CPU
		{44537F25-632C-4170-9D9F-4F3FB18CAC45}.Release|x64.Build.0 = Release|Any CPU
		{44537F25-632C-4170-9D9F-4F3FB18CAC45}.Release|x86.ActiveCfg = Release|Any CPU
		{44537F25-632C-4170-9D9F-4F3FB18CAC45}.Release|x86.Build.0 = Release|Any CPU
		{9E69EB32-F980-41FE-964B-1FC67E69A98F}.Debug|Any CPU.ActiveCfg = Debug|Any CPU
		{9E69EB32-F980-41FE-964B-1FC67E69A98F}.Debug|Any CPU.Build.0 = Debug|Any CPU
		{9E69EB32-F980-41FE-964B-1FC67E69A98F}.Debug|x64.ActiveCfg = Debug|Any CPU
		{9E69EB32-F980-41FE-964B-1FC67E69A98F}.Debug|x64.Build.0 = Debug|Any CPU
		{9E69EB32-F980-41FE-964B-1FC67E69A98F}.Debug|x86.ActiveCfg = Debug|Any CPU
		{9E69EB32-F980-41FE-964B-1FC67E69A98F}.Debug|x86.Build.0 = Debug|Any CPU
		{9E69EB32-F980-41FE-964B-1FC67E69A98F}.Release|Any CPU.ActiveCfg = Release|Any CPU
		{9E69EB32-F980-41FE-964B-1FC67E69A98F}.Release|Any CPU.Build.0 = Release|Any CPU
		{9E69EB32-F980-41FE-964B-1FC67E69A98F}.Release|x64.ActiveCfg = Release|Any CPU
		{9E69EB32-F980-41FE-964B-1FC67E69A98F}.Release|x64.Build.0 = Release|Any CPU
		{9E69EB32-F980-41FE-964B-1FC67E69A98F}.Release|x86.ActiveCfg = Release|Any CPU
		{9E69EB32-F980-41FE-964B-1FC67E69A98F}.Release|x86.Build.0 = Release|Any CPU
	EndGlobalSection
	GlobalSection(SolutionProperties) = preSolution
		HideSolutionNode = FALSE
	EndGlobalSection
	GlobalSection(NestedProjects) = preSolution
		{C0C2289F-9372-4141-9EEB-2B97383774CE} = {827E0CD3-B72D-47B6-A68D-7590B98EB39B}
		{6F94774C-3AE7-4873-9B63-952BD9471850} = {827E0CD3-B72D-47B6-A68D-7590B98EB39B}
		{5C579704-3A0B-43CC-BA3F-46A750CDDA1B} = {827E0CD3-B72D-47B6-A68D-7590B98EB39B}
		{8BD7FD4A-525B-48C4-961B-8E874C0074BF} = {827E0CD3-B72D-47B6-A68D-7590B98EB39B}
		{6341A4EB-1D1D-4770-AE73-391599A36DF8} = {827E0CD3-B72D-47B6-A68D-7590B98EB39B}
		{F5DB1200-248A-4BA3-BB41-71B42FBD3754} = {827E0CD3-B72D-47B6-A68D-7590B98EB39B}
		{981D4226-FBC0-49A1-86D6-F70B73AF7520} = {827E0CD3-B72D-47B6-A68D-7590B98EB39B}
		{5CE9FD36-B244-4C53-A978-104C059017EF} = {827E0CD3-B72D-47B6-A68D-7590B98EB39B}
		{3F2FA0C8-7506-4902-BB81-C63DD5BFEDF7} = {827E0CD3-B72D-47B6-A68D-7590B98EB39B}
		{B1F7D634-E9BF-4224-A7FB-B97B45BE3E86} = {827E0CD3-B72D-47B6-A68D-7590B98EB39B}
		{0AE84B16-BFB9-4707-BE40-19C7AF6AA6FF} = {827E0CD3-B72D-47B6-A68D-7590B98EB39B}
		{B592BD06-C298-45FE-B814-84754BDA130A} = {827E0CD3-B72D-47B6-A68D-7590B98EB39B}
		{F09CF25C-C7FE-40C7-9227-95909B611606} = {827E0CD3-B72D-47B6-A68D-7590B98EB39B}
		{13270624-3AA4-4216-B7E1-5063867F507D} = {827E0CD3-B72D-47B6-A68D-7590B98EB39B}
		{44537F25-632C-4170-9D9F-4F3FB18CAC45} = {827E0CD3-B72D-47B6-A68D-7590B98EB39B}
		{9E69EB32-F980-41FE-964B-1FC67E69A98F} = {827E0CD3-B72D-47B6-A68D-7590B98EB39B}
	EndGlobalSection
EndGlobal
