{
  "version": 2,
  "dependencies": {
    "net9.0": {
      "MessagePack.Annotations": {
        "type": "Transitive",
        "resolved": "3.1.8",
        "contentHash": "SitOtZ4tOlAZZPF7p52M7143F+Cuz7o/aU0MrtAXX0+ZkPXzDNroOFhzzE2ogMFThsoEW/E6akXVVcBFM9ZKaw=="
      },
      "MessagePackAnalyzer": {
        "type": "Transitive",
        "resolved": "3.1.8",
        "contentHash": "Vm4g0cR4YRKRchEOmMJ0uVFU6yxdg7cJa2KHv3SUAHEsdYKvMpHMF5A1hZfsix89ymD5cmuzRnw9a6dKMcvq+Q=="
      },
      "Microsoft.NET.StringTools": {
        "type": "Transitive",
        "resolved": "17.11.4",
        "contentHash": "mudqUHhNpeqIdJoUx2YDWZO/I9uEDYVowan89R6wsomfnUJQk6HteoQTlNjZDixhT2B4IXMkMtgZtoceIjLRmA=="
      },
      "gameplatform.core": {
        "type": "Project"
      },
      "gameplatform.serialization.messagepack": {
        "type": "Project",
        "dependencies": {
          "GamePlatform.Core": "[0.1.0-draft, )",
          "GamePlatform.Transport.Abstractions": "[0.1.0-draft, )",
          "GamePlatform.Wire.Contracts": "[0.1.0-draft, )",
          "MessagePack": "[3.1.8, )"
        }
      },
      "gameplatform.transport.abstractions": {
        "type": "Project"
      },
      "gameplatform.wire.contracts": {
        "type": "Project"
      },
      "MessagePack": {
        "type": "CentralTransitive",
        "requested": "[3.1.8, )",
        "resolved": "3.1.8",
        "contentHash": "Qk2q+9FVxnMSp+NQ9y3SLz3HqWe7Rg3KRMHhBX28FkKUoOeP9YIU86mA4pFOxDDjUIRA9e7Ssbxs/LwWUcAzPw==",
        "dependencies": {
          "MessagePack.Annotations": "3.1.8",
          "MessagePackAnalyzer": "3.1.8",
          "Microsoft.NET.StringTools": "17.11.4"
        }
      }
    }
  }
}