{
  "version": 2,
  "dependencies": {
    ".NETStandard,Version=v2.1": {
      "gameplatform.core": {
        "type": "Project"
      },
      "gameplatform.storage.abstractions": {
        "type": "Project",
        "dependencies": {
          "GamePlatform.Core": "[0.1.0-draft, )"
        }
      }
    }
  }
}